Microsoft Visual Studio Solution File, Format Version 12.00
# Visual Studio Version 17
VisualStudioVersion = 17.2.32210.308
MinimumVisualStudioVersion = 15.0.26124.0

Project("{2150E333-8FDC-42A3-9474-1A3956D46DE8}") = "Source", "Source", "{FED63376-14BF-4BC8-A647-6FD9CD516C19}"
EndProject
Project("{2150E333-8FDC-42A3-9474-1A3956D46DE8}") = "Tests", "Tests", "{10450C9C-1C06-463E-B31C-9AD4D894FA71}"
EndProject
Project("{9A19103F-16F7-4668-BE54-9A1E7A4F7556}") = "RankingTournament", "RankingTournament\RankingTournament.csproj", "{8830CFEA-887D-46E7-ABD4-5FA5EFC5A420}"
EndProject
Project("{9A19103F-16F7-4668-BE54-9A1E7A4F7556}") = "RankingTournament.Server", "RankingTournament.Server\RankingTournament.Server.csproj", "{0C5D0DD4-1B3E-49E3-BDE2-3AD4B37FE28F}"
EndProject
Project("{9A19103F-16F7-4668-BE54-9A1E7A4F7556}") = "RankingTournament.DataContracts", "RankingTournament.DataContracts\RankingTournament.DataContracts.csproj", "{605C5C18-7D1E-4C58-810E-761D786296B0}"
EndProject
Project("{9A19103F-16F7-4668-BE54-9A1E7A4F7556}") = "RankingTournament.MauiControls", "RankingTournament.MauiControls\RankingTournament.MauiControls.csproj", "{0471F975-8927-4F58-90E0-3740E55149EB}"
EndProject
Project("{9A19103F-16F7-4668-BE54-9A1E7A4F7556}") = "RankingTournament.Tests", "RankingTournament.Tests\RankingTournament.Tests.csproj", "{7B6312E1-4EA8-4CD2-80C2-D76A345FF5F2}"
EndProject
Project("{9A19103F-16F7-4668-BE54-9A1E7A4F7556}") = "RankingTournament.UITests", "RankingTournament.UITests\RankingTournament.UITests.csproj", "{F787F061-9825-472D-ACFC-408826E42496}"
EndProject

Project("{2150E333-8FDC-42A3-9474-1A3956D46DE8}") = "Solution Items", "Solution Items", "{BADA71DC-7FFD-4EDC-9F28-FB74AEADC713}"
	ProjectSection(SolutionItems) = preProject
		.editorconfig = .editorconfig
		.gitignore = .gitignore
		.vsconfig = .vsconfig
		Directory.Build.props = Directory.Build.props
		Directory.Build.targets = Directory.Build.targets
		Directory.Packages.props = Directory.Packages.props
		global.json = global.json
	EndProjectSection
EndProject
Global
	GlobalSection(SolutionConfigurationPlatforms) = preSolution
		Debug|Any CPU = Debug|Any CPU
		Debug|ARM = Debug|ARM
		Debug|ARM64 = Debug|ARM64
		Debug|iPhone = Debug|iPhone
		Debug|iPhoneSimulator = Debug|iPhoneSimulator
		Debug|x64 = Debug|x64
		Debug|x86 = Debug|x86
		Release|Any CPU = Release|Any CPU
		Release|ARM = Release|ARM
		Release|ARM64 = Release|ARM64
		Release|iPhone = Release|iPhone
		Release|iPhoneSimulator = Release|iPhoneSimulator
		Release|x64 = Release|x64
		Release|x86 = Release|x86
	EndGlobalSection
	GlobalSection(ProjectConfigurationPlatforms) = postSolution
		{0C5D0DD4-1B3E-49E3-BDE2-3AD4B37FE28F}.Debug|Any CPU.ActiveCfg = Debug|Any CPU
		{0C5D0DD4-1B3E-49E3-BDE2-3AD4B37FE28F}.Debug|Any CPU.Build.0 = Debug|Any CPU
		{0C5D0DD4-1B3E-49E3-BDE2-3AD4B37FE28F}.Debug|ARM.ActiveCfg = Debug|Any CPU
		{0C5D0DD4-1B3E-49E3-BDE2-3AD4B37FE28F}.Debug|ARM.Build.0 = Debug|Any CPU
		{0C5D0DD4-1B3E-49E3-BDE2-3AD4B37FE28F}.Debug|ARM64.ActiveCfg = Debug|Any CPU
		{0C5D0DD4-1B3E-49E3-BDE2-3AD4B37FE28F}.Debug|ARM64.Build.0 = Debug|Any CPU
		{0C5D0DD4-1B3E-49E3-BDE2-3AD4B37FE28F}.Debug|iPhone.ActiveCfg = Debug|Any CPU
		{0C5D0DD4-1B3E-49E3-BDE2-3AD4B37FE28F}.Debug|iPhone.Build.0 = Debug|Any CPU
		{0C5D0DD4-1B3E-49E3-BDE2-3AD4B37FE28F}.Debug|iPhoneSimulator.ActiveCfg = Debug|Any CPU
		{0C5D0DD4-1B3E-49E3-BDE2-3AD4B37FE28F}.Debug|iPhoneSimulator.Build.0 = Debug|Any CPU
		{0C5D0DD4-1B3E-49E3-BDE2-3AD4B37FE28F}.Debug|x64.ActiveCfg = Debug|Any CPU
		{0C5D0DD4-1B3E-49E3-BDE2-3AD4B37FE28F}.Debug|x64.Build.0 = Debug|Any CPU
		{0C5D0DD4-1B3E-49E3-BDE2-3AD4B37FE28F}.Debug|x86.ActiveCfg = Debug|Any CPU
		{0C5D0DD4-1B3E-49E3-BDE2-3AD4B37FE28F}.Debug|x86.Build.0 = Debug|Any CPU
		{0C5D0DD4-1B3E-49E3-BDE2-3AD4B37FE28F}.Release|Any CPU.ActiveCfg = Release|Any CPU
		{0C5D0DD4-1B3E-49E3-BDE2-3AD4B37FE28F}.Release|Any CPU.Build.0 = Release|Any CPU
		{0C5D0DD4-1B3E-49E3-BDE2-3AD4B37FE28F}.Release|ARM.ActiveCfg = Release|Any CPU
		{0C5D0DD4-1B3E-49E3-BDE2-3AD4B37FE28F}.Release|ARM.Build.0 = Release|Any CPU
		{0C5D0DD4-1B3E-49E3-BDE2-3AD4B37FE28F}.Release|ARM64.ActiveCfg = Release|Any CPU
		{0C5D0DD4-1B3E-49E3-BDE2-3AD4B37FE28F}.Release|ARM64.Build.0 = Release|Any CPU
		{0C5D0DD4-1B3E-49E3-BDE2-3AD4B37FE28F}.Release|iPhone.ActiveCfg = Release|Any CPU
		{0C5D0DD4-1B3E-49E3-BDE2-3AD4B37FE28F}.Release|iPhone.Build.0 = Release|Any CPU
		{0C5D0DD4-1B3E-49E3-BDE2-3AD4B37FE28F}.Release|iPhoneSimulator.ActiveCfg = Release|Any CPU
		{0C5D0DD4-1B3E-49E3-BDE2-3AD4B37FE28F}.Release|iPhoneSimulator.Build.0 = Release|Any CPU
		{0C5D0DD4-1B3E-49E3-BDE2-3AD4B37FE28F}.Release|x64.ActiveCfg = Release|Any CPU
		{0C5D0DD4-1B3E-49E3-BDE2-3AD4B37FE28F}.Release|x64.Build.0 = Release|Any CPU
		{0C5D0DD4-1B3E-49E3-BDE2-3AD4B37FE28F}.Release|x86.ActiveCfg = Release|Any CPU
		{0C5D0DD4-1B3E-49E3-BDE2-3AD4B37FE28F}.Release|x86.Build.0 = Release|Any CPU
		{605C5C18-7D1E-4C58-810E-761D786296B0}.Debug|Any CPU.ActiveCfg = Debug|Any CPU
		{605C5C18-7D1E-4C58-810E-761D786296B0}.Debug|Any CPU.Build.0 = Debug|Any CPU
		{605C5C18-7D1E-4C58-810E-761D786296B0}.Debug|ARM.ActiveCfg = Debug|Any CPU
		{605C5C18-7D1E-4C58-810E-761D786296B0}.Debug|ARM.Build.0 = Debug|Any CPU
		{605C5C18-7D1E-4C58-810E-761D786296B0}.Debug|ARM64.ActiveCfg = Debug|Any CPU
		{605C5C18-7D1E-4C58-810E-761D786296B0}.Debug|ARM64.Build.0 = Debug|Any CPU
		{605C5C18-7D1E-4C58-810E-761D786296B0}.Debug|iPhone.ActiveCfg = Debug|Any CPU
		{605C5C18-7D1E-4C58-810E-761D786296B0}.Debug|iPhone.Build.0 = Debug|Any CPU
		{605C5C18-7D1E-4C58-810E-761D786296B0}.Debug|iPhoneSimulator.ActiveCfg = Debug|Any CPU
		{605C5C18-7D1E-4C58-810E-761D786296B0}.Debug|iPhoneSimulator.Build.0 = Debug|Any CPU
		{605C5C18-7D1E-4C58-810E-761D786296B0}.Debug|x64.ActiveCfg = Debug|Any CPU
		{605C5C18-7D1E-4C58-810E-761D786296B0}.Debug|x64.Build.0 = Debug|Any CPU
		{605C5C18-7D1E-4C58-810E-761D786296B0}.Debug|x86.ActiveCfg = Debug|Any CPU
		{605C5C18-7D1E-4C58-810E-761D786296B0}.Debug|x86.Build.0 = Debug|Any CPU
		{605C5C18-7D1E-4C58-810E-761D786296B0}.Release|Any CPU.ActiveCfg = Release|Any CPU
		{605C5C18-7D1E-4C58-810E-761D786296B0}.Release|Any CPU.Build.0 = Release|Any CPU
		{605C5C18-7D1E-4C58-810E-761D786296B0}.Release|ARM.ActiveCfg = Release|Any CPU
		{605C5C18-7D1E-4C58-810E-761D786296B0}.Release|ARM.Build.0 = Release|Any CPU
		{605C5C18-7D1E-4C58-810E-761D786296B0}.Release|ARM64.ActiveCfg = Release|Any CPU
		{605C5C18-7D1E-4C58-810E-761D786296B0}.Release|ARM64.Build.0 = Release|Any CPU
		{605C5C18-7D1E-4C58-810E-761D786296B0}.Release|iPhone.ActiveCfg = Release|Any CPU
		{605C5C18-7D1E-4C58-810E-761D786296B0}.Release|iPhone.Build.0 = Release|Any CPU
		{605C5C18-7D1E-4C58-810E-761D786296B0}.Release|iPhoneSimulator.ActiveCfg = Release|Any CPU
		{605C5C18-7D1E-4C58-810E-761D786296B0}.Release|iPhoneSimulator.Build.0 = Release|Any CPU
		{605C5C18-7D1E-4C58-810E-761D786296B0}.Release|x64.ActiveCfg = Release|Any CPU
		{605C5C18-7D1E-4C58-810E-761D786296B0}.Release|x64.Build.0 = Release|Any CPU
		{605C5C18-7D1E-4C58-810E-761D786296B0}.Release|x86.ActiveCfg = Release|Any CPU
		{605C5C18-7D1E-4C58-810E-761D786296B0}.Release|x86.Build.0 = Release|Any CPU
		{0471F975-8927-4F58-90E0-3740E55149EB}.Debug|Any CPU.ActiveCfg = Debug|Any CPU
		{0471F975-8927-4F58-90E0-3740E55149EB}.Debug|Any CPU.Build.0 = Debug|Any CPU
		{0471F975-8927-4F58-90E0-3740E55149EB}.Debug|ARM.ActiveCfg = Debug|Any CPU
		{0471F975-8927-4F58-90E0-3740E55149EB}.Debug|ARM.Build.0 = Debug|Any CPU
		{0471F975-8927-4F58-90E0-3740E55149EB}.Debug|ARM64.ActiveCfg = Debug|Any CPU
		{0471F975-8927-4F58-90E0-3740E55149EB}.Debug|ARM64.Build.0 = Debug|Any CPU
		{0471F975-8927-4F58-90E0-3740E55149EB}.Debug|iPhone.ActiveCfg = Debug|Any CPU
		{0471F975-8927-4F58-90E0-3740E55149EB}.Debug|iPhone.Build.0 = Debug|Any CPU
		{0471F975-8927-4F58-90E0-3740E55149EB}.Debug|iPhoneSimulator.ActiveCfg = Debug|Any CPU
		{0471F975-8927-4F58-90E0-3740E55149EB}.Debug|iPhoneSimulator.Build.0 = Debug|Any CPU
		{0471F975-8927-4F58-90E0-3740E55149EB}.Debug|x64.ActiveCfg = Debug|Any CPU
		{0471F975-8927-4F58-90E0-3740E55149EB}.Debug|x64.Build.0 = Debug|Any CPU
		{0471F975-8927-4F58-90E0-3740E55149EB}.Debug|x86.ActiveCfg = Debug|Any CPU
		{0471F975-8927-4F58-90E0-3740E55149EB}.Debug|x86.Build.0 = Debug|Any CPU
		{0471F975-8927-4F58-90E0-3740E55149EB}.Release|Any CPU.ActiveCfg = Release|Any CPU
		{0471F975-8927-4F58-90E0-3740E55149EB}.Release|Any CPU.Build.0 = Release|Any CPU
		{0471F975-8927-4F58-90E0-3740E55149EB}.Release|ARM.ActiveCfg = Release|Any CPU
		{0471F975-8927-4F58-90E0-3740E55149EB}.Release|ARM.Build.0 = Release|Any CPU
		{0471F975-8927-4F58-90E0-3740E55149EB}.Release|ARM64.ActiveCfg = Release|Any CPU
		{0471F975-8927-4F58-90E0-3740E55149EB}.Release|ARM64.Build.0 = Release|Any CPU
		{0471F975-8927-4F58-90E0-3740E55149EB}.Release|iPhone.ActiveCfg = Release|Any CPU
		{0471F975-8927-4F58-90E0-3740E55149EB}.Release|iPhone.Build.0 = Release|Any CPU
		{0471F975-8927-4F58-90E0-3740E55149EB}.Release|iPhoneSimulator.ActiveCfg = Release|Any CPU
		{0471F975-8927-4F58-90E0-3740E55149EB}.Release|iPhoneSimulator.Build.0 = Release|Any CPU
		{0471F975-8927-4F58-90E0-3740E55149EB}.Release|x64.ActiveCfg = Release|Any CPU
		{0471F975-8927-4F58-90E0-3740E55149EB}.Release|x64.Build.0 = Release|Any CPU
		{0471F975-8927-4F58-90E0-3740E55149EB}.Release|x86.ActiveCfg = Release|Any CPU
		{0471F975-8927-4F58-90E0-3740E55149EB}.Release|x86.Build.0 = Release|Any CPU
		{8830CFEA-887D-46E7-ABD4-5FA5EFC5A420}.Debug|Any CPU.ActiveCfg = Debug|Any CPU
		{8830CFEA-887D-46E7-ABD4-5FA5EFC5A420}.Debug|Any CPU.Build.0 = Debug|Any CPU
		{8830CFEA-887D-46E7-ABD4-5FA5EFC5A420}.Debug|Any CPU.Deploy.0 = Debug|Any CPU
		{8830CFEA-887D-46E7-ABD4-5FA5EFC5A420}.Debug|ARM.ActiveCfg = Debug|Any CPU
		{8830CFEA-887D-46E7-ABD4-5FA5EFC5A420}.Debug|ARM.Build.0 = Debug|Any CPU
		{8830CFEA-887D-46E7-ABD4-5FA5EFC5A420}.Debug|ARM.Deploy.0 = Debug|Any CPU
		{8830CFEA-887D-46E7-ABD4-5FA5EFC5A420}.Debug|ARM64.ActiveCfg = Debug|Any CPU
		{8830CFEA-887D-46E7-ABD4-5FA5EFC5A420}.Debug|ARM64.Build.0 = Debug|Any CPU
		{8830CFEA-887D-46E7-ABD4-5FA5EFC5A420}.Debug|ARM64.Deploy.0 = Debug|Any CPU
		{8830CFEA-887D-46E7-ABD4-5FA5EFC5A420}.Debug|iPhone.ActiveCfg = Debug|Any CPU
		{8830CFEA-887D-46E7-ABD4-5FA5EFC5A420}.Debug|iPhone.Build.0 = Debug|Any CPU
		{8830CFEA-887D-46E7-ABD4-5FA5EFC5A420}.Debug|iPhone.Deploy.0 = Debug|Any CPU
		{8830CFEA-887D-46E7-ABD4-5FA5EFC5A420}.Debug|iPhoneSimulator.ActiveCfg = Debug|Any CPU
		{8830CFEA-887D-46E7-ABD4-5FA5EFC5A420}.Debug|iPhoneSimulator.Build.0 = Debug|Any CPU
		{8830CFEA-887D-46E7-ABD4-5FA5EFC5A420}.Debug|iPhoneSimulator.Deploy.0 = Debug|Any CPU
		{8830CFEA-887D-46E7-ABD4-5FA5EFC5A420}.Debug|x64.ActiveCfg = Debug|Any CPU
		{8830CFEA-887D-46E7-ABD4-5FA5EFC5A420}.Debug|x64.Build.0 = Debug|Any CPU
		{8830CFEA-887D-46E7-ABD4-5FA5EFC5A420}.Debug|x64.Deploy.0 = Debug|Any CPU
		{8830CFEA-887D-46E7-ABD4-5FA5EFC5A420}.Debug|x86.ActiveCfg = Debug|Any CPU
		{8830CFEA-887D-46E7-ABD4-5FA5EFC5A420}.Debug|x86.Build.0 = Debug|Any CPU
		{8830CFEA-887D-46E7-ABD4-5FA5EFC5A420}.Debug|x86.Deploy.0 = Debug|Any CPU
		{8830CFEA-887D-46E7-ABD4-5FA5EFC5A420}.Release|Any CPU.ActiveCfg = Release|Any CPU
		{8830CFEA-887D-46E7-ABD4-5FA5EFC5A420}.Release|Any CPU.Build.0 = Release|Any CPU
		{8830CFEA-887D-46E7-ABD4-5FA5EFC5A420}.Release|Any CPU.Deploy.0 = Release|Any CPU
		{8830CFEA-887D-46E7-ABD4-5FA5EFC5A420}.Release|ARM.ActiveCfg = Release|Any CPU
		{8830CFEA-887D-46E7-ABD4-5FA5EFC5A420}.Release|ARM.Build.0 = Release|Any CPU
		{8830CFEA-887D-46E7-ABD4-5FA5EFC5A420}.Release|ARM.Deploy.0 = Release|Any CPU
		{8830CFEA-887D-46E7-ABD4-5FA5EFC5A420}.Release|ARM64.ActiveCfg = Release|Any CPU
		{8830CFEA-887D-46E7-ABD4-5FA5EFC5A420}.Release|ARM64.Build.0 = Release|Any CPU
		{8830CFEA-887D-46E7-ABD4-5FA5EFC5A420}.Release|ARM64.Deploy.0 = Release|Any CPU
		{8830CFEA-887D-46E7-ABD4-5FA5EFC5A420}.Release|iPhone.ActiveCfg = Release|Any CPU
		{8830CFEA-887D-46E7-ABD4-5FA5EFC5A420}.Release|iPhone.Build.0 = Release|Any CPU
		{8830CFEA-887D-46E7-ABD4-5FA5EFC5A420}.Release|iPhone.Deploy.0 = Release|Any CPU
		{8830CFEA-887D-46E7-ABD4-5FA5EFC5A420}.Release|iPhoneSimulator.ActiveCfg = Release|Any CPU
		{8830CFEA-887D-46E7-ABD4-5FA5EFC5A420}.Release|iPhoneSimulator.Build.0 = Release|Any CPU
		{8830CFEA-887D-46E7-ABD4-5FA5EFC5A420}.Release|iPhoneSimulator.Deploy.0 = Release|Any CPU
		{8830CFEA-887D-46E7-ABD4-5FA5EFC5A420}.Release|x64.ActiveCfg = Release|Any CPU
		{8830CFEA-887D-46E7-ABD4-5FA5EFC5A420}.Release|x64.Build.0 = Release|Any CPU
		{8830CFEA-887D-46E7-ABD4-5FA5EFC5A420}.Release|x64.Deploy.0 = Release|Any CPU
		{8830CFEA-887D-46E7-ABD4-5FA5EFC5A420}.Release|x86.ActiveCfg = Release|Any CPU
		{8830CFEA-887D-46E7-ABD4-5FA5EFC5A420}.Release|x86.Build.0 = Release|Any CPU
		{8830CFEA-887D-46E7-ABD4-5FA5EFC5A420}.Release|x86.Deploy.0 = Release|Any CPU
		{7B6312E1-4EA8-4CD2-80C2-D76A345FF5F2}.Debug|Any CPU.ActiveCfg = Debug|Any CPU
		{7B6312E1-4EA8-4CD2-80C2-D76A345FF5F2}.Debug|Any CPU.Build.0 = Debug|Any CPU
		{7B6312E1-4EA8-4CD2-80C2-D76A345FF5F2}.Debug|ARM.ActiveCfg = Debug|Any CPU
		{7B6312E1-4EA8-4CD2-80C2-D76A345FF5F2}.Debug|ARM.Build.0 = Debug|Any CPU
		{7B6312E1-4EA8-4CD2-80C2-D76A345FF5F2}.Debug|ARM64.ActiveCfg = Debug|Any CPU
		{7B6312E1-4EA8-4CD2-80C2-D76A345FF5F2}.Debug|ARM64.Build.0 = Debug|Any CPU
		{7B6312E1-4EA8-4CD2-80C2-D76A345FF5F2}.Debug|iPhone.ActiveCfg = Debug|Any CPU
		{7B6312E1-4EA8-4CD2-80C2-D76A345FF5F2}.Debug|iPhone.Build.0 = Debug|Any CPU
		{7B6312E1-4EA8-4CD2-80C2-D76A345FF5F2}.Debug|iPhoneSimulator.ActiveCfg = Debug|Any CPU
		{7B6312E1-4EA8-4CD2-80C2-D76A345FF5F2}.Debug|iPhoneSimulator.Build.0 = Debug|Any CPU
		{7B6312E1-4EA8-4CD2-80C2-D76A345FF5F2}.Debug|x64.ActiveCfg = Debug|Any CPU
		{7B6312E1-4EA8-4CD2-80C2-D76A345FF5F2}.Debug|x64.Build.0 = Debug|Any CPU
		{7B6312E1-4EA8-4CD2-80C2-D76A345FF5F2}.Debug|x86.ActiveCfg = Debug|Any CPU
		{7B6312E1-4EA8-4CD2-80C2-D76A345FF5F2}.Debug|x86.Build.0 = Debug|Any CPU
		{7B6312E1-4EA8-4CD2-80C2-D76A345FF5F2}.Release|Any CPU.ActiveCfg = Release|Any CPU
		{7B6312E1-4EA8-4CD2-80C2-D76A345FF5F2}.Release|Any CPU.Build.0 = Release|Any CPU
		{7B6312E1-4EA8-4CD2-80C2-D76A345FF5F2}.Release|ARM.ActiveCfg = Release|Any CPU
		{7B6312E1-4EA8-4CD2-80C2-D76A345FF5F2}.Release|ARM.Build.0 = Release|Any CPU
		{7B6312E1-4EA8-4CD2-80C2-D76A345FF5F2}.Release|ARM64.ActiveCfg = Release|Any CPU
		{7B6312E1-4EA8-4CD2-80C2-D76A345FF5F2}.Release|ARM64.Build.0 = Release|Any CPU
		{7B6312E1-4EA8-4CD2-80C2-D76A345FF5F2}.Release|iPhone.ActiveCfg = Release|Any CPU
		{7B6312E1-4EA8-4CD2-80C2-D76A345FF5F2}.Release|iPhone.Build.0 = Release|Any CPU
		{7B6312E1-4EA8-4CD2-80C2-D76A345FF5F2}.Release|iPhoneSimulator.ActiveCfg = Release|Any CPU
		{7B6312E1-4EA8-4CD2-80C2-D76A345FF5F2}.Release|iPhoneSimulator.Build.0 = Release|Any CPU
		{7B6312E1-4EA8-4CD2-80C2-D76A345FF5F2}.Release|x64.ActiveCfg = Release|Any CPU
		{7B6312E1-4EA8-4CD2-80C2-D76A345FF5F2}.Release|x64.Build.0 = Release|Any CPU
		{7B6312E1-4EA8-4CD2-80C2-D76A345FF5F2}.Release|x86.ActiveCfg = Release|Any CPU
		{7B6312E1-4EA8-4CD2-80C2-D76A345FF5F2}.Release|x86.Build.0 = Release|Any CPU
		{F787F061-9825-472D-ACFC-408826E42496}.Debug|Any CPU.ActiveCfg = Debug|Any CPU
		{F787F061-9825-472D-ACFC-408826E42496}.Debug|Any CPU.Build.0 = Debug|Any CPU
		{F787F061-9825-472D-ACFC-408826E42496}.Debug|ARM.ActiveCfg = Debug|Any CPU
		{F787F061-9825-472D-ACFC-408826E42496}.Debug|ARM.Build.0 = Debug|Any CPU
		{F787F061-9825-472D-ACFC-408826E42496}.Debug|ARM64.ActiveCfg = Debug|Any CPU
		{F787F061-9825-472D-ACFC-408826E42496}.Debug|ARM64.Build.0 = Debug|Any CPU
		{F787F061-9825-472D-ACFC-408826E42496}.Debug|iPhone.ActiveCfg = Debug|Any CPU
		{F787F061-9825-472D-ACFC-408826E42496}.Debug|iPhone.Build.0 = Debug|Any CPU
		{F787F061-9825-472D-ACFC-408826E42496}.Debug|iPhoneSimulator.ActiveCfg = Debug|Any CPU
		{F787F061-9825-472D-ACFC-408826E42496}.Debug|iPhoneSimulator.Build.0 = Debug|Any CPU
		{F787F061-9825-472D-ACFC-408826E42496}.Debug|x64.ActiveCfg = Debug|Any CPU
		{F787F061-9825-472D-ACFC-408826E42496}.Debug|x64.Build.0 = Debug|Any CPU
		{F787F061-9825-472D-ACFC-408826E42496}.Debug|x86.ActiveCfg = Debug|Any CPU
		{F787F061-9825-472D-ACFC-408826E42496}.Debug|x86.Build.0 = Debug|Any CPU
		{F787F061-9825-472D-ACFC-408826E42496}.Release|Any CPU.ActiveCfg = Release|Any CPU
		{F787F061-9825-472D-ACFC-408826E42496}.Release|Any CPU.Build.0 = Release|Any CPU
		{F787F061-9825-472D-ACFC-408826E42496}.Release|ARM.ActiveCfg = Release|Any CPU
		{F787F061-9825-472D-ACFC-408826E42496}.Release|ARM.Build.0 = Release|Any CPU
		{F787F061-9825-472D-ACFC-408826E42496}.Release|ARM64.ActiveCfg = Release|Any CPU
		{F787F061-9825-472D-ACFC-408826E42496}.Release|ARM64.Build.0 = Release|Any CPU
		{F787F061-9825-472D-ACFC-408826E42496}.Release|iPhone.ActiveCfg = Release|Any CPU
		{F787F061-9825-472D-ACFC-408826E42496}.Release|iPhone.Build.0 = Release|Any CPU
		{F787F061-9825-472D-ACFC-408826E42496}.Release|iPhoneSimulator.ActiveCfg = Release|Any CPU
		{F787F061-9825-472D-ACFC-408826E42496}.Release|iPhoneSimulator.Build.0 = Release|Any CPU
		{F787F061-9825-472D-ACFC-408826E42496}.Release|x64.ActiveCfg = Release|Any CPU
		{F787F061-9825-472D-ACFC-408826E42496}.Release|x64.Build.0 = Release|Any CPU
		{F787F061-9825-472D-ACFC-408826E42496}.Release|x86.ActiveCfg = Release|Any CPU
		{F787F061-9825-472D-ACFC-408826E42496}.Release|x86.Build.0 = Release|Any CPU
	EndGlobalSection
	GlobalSection(SolutionProperties) = preSolution
		HideSolutionNode = FALSE
	EndGlobalSection
	GlobalSection(NestedProjects) = preSolution
		{8830CFEA-887D-46E7-ABD4-5FA5EFC5A420} = {FED63376-14BF-4BC8-A647-6FD9CD516C19}
		{605C5C18-7D1E-4C58-810E-761D786296B0} = {FED63376-14BF-4BC8-A647-6FD9CD516C19}
		{0C5D0DD4-1B3E-49E3-BDE2-3AD4B37FE28F} = {FED63376-14BF-4BC8-A647-6FD9CD516C19}
		{0471F975-8927-4F58-90E0-3740E55149EB} = {FED63376-14BF-4BC8-A647-6FD9CD516C19}
		{7B6312E1-4EA8-4CD2-80C2-D76A345FF5F2} = {10450C9C-1C06-463E-B31C-9AD4D894FA71}
		{F787F061-9825-472D-ACFC-408826E42496} = {10450C9C-1C06-463E-B31C-9AD4D894FA71}
	EndGlobalSection
	GlobalSection(ExtensibilityGlobals) = postSolution
		SolutionGuid = {5625CDAF-F567-4097-AC3E-684BB6AD0E6D}
	EndGlobalSection
EndGlobal
